
Microsoft Visual Studio Solution File, Format Version 12.00
Project("{FAE04EC0-301F-11D3-BF4B-00C04F79EFBC}") = "GigglyMouse", "GigglyMouse\GigglyMouse.csproj", "{BEE15B96-9D6B-4B9A-A146-935EF33CF045}"
EndProject
Project("{FAE04EC0-301F-11D3-BF4B-00C04F79EFBC}") = "FolderCleaner", "FolderCleaner\FolderCleaner.csproj", "{D9073558-248C-4990-AB41-50E265F82E01}"
EndProject
Global
	GlobalSection(SolutionConfigurationPlatforms) = preSolution
		Debug|Any CPU = Debug|Any CPU
		Release|Any CPU = Release|Any CPU
	EndGlobalSection
	GlobalSection(ProjectConfigurationPlatforms) = postSolution
		{BEE15B96-9D6B-4B9A-A146-935EF33CF045}.Debug|Any CPU.ActiveCfg = Debug|Any CPU
		{BEE15B96-9D6B-4B9A-A146-935EF33CF045}.Debug|Any CPU.Build.0 = Debug|Any CPU
		{BEE15B96-9D6B-4B9A-A146-935EF33CF045}.Release|Any CPU.ActiveCfg = Release|Any CPU
		{BEE15B96-9D6B-4B9A-A146-935EF33CF045}.Release|Any CPU.Build.0 = Release|Any CPU
		{D9073558-248C-4990-AB41-50E265F82E01}.Debug|Any CPU.ActiveCfg = Debug|Any CPU
		{D9073558-248C-4990-AB41-50E265F82E01}.Debug|Any CPU.Build.0 = Debug|Any CPU
		{D9073558-248C-4990-AB41-50E265F82E01}.Release|Any CPU.ActiveCfg = Release|Any CPU
		{D9073558-248C-4990-AB41-50E265F82E01}.Release|Any CPU.Build.0 = Release|Any CPU
	EndGlobalSection
EndGlobal
